Microsoft Visual Studio Solution File, Format Version 12.00
# Visual Studio Version 17
VisualStudioVersion = 17.2.32210.308
MinimumVisualStudioVersion = 15.0.26124.0

Project("{2150E333-8FDC-42A3-9474-1A3956D46DE8}") = "Source", "Source", "{41608794-18A1-4972-BD8E-2266A6C2A088}"
EndProject
Project("{2150E333-8FDC-42A3-9474-1A3956D46DE8}") = "Platforms", "Platforms", "{DC73281A-6A2C-462F-B5FC-CEE5B81F2A8B}"
EndProject
Project("{2150E333-8FDC-42A3-9474-1A3956D46DE8}") = "Backend", "Backend", "{89E0AFDA-FCB3-4721-9545-FF11AA97D71E}"
EndProject

Project("{9A19103F-16F7-4668-BE54-9A1E7A4F7556}") = "MyApp", "MyApp\MyApp.csproj", "{53F96E1B-689A-4C25-BD91-EF1B9BCDCE74}"
EndProject
Project("{9A19103F-16F7-4668-BE54-9A1E7A4F7556}") = "MyApp.Mobile", "MyApp.Mobile\MyApp.Mobile.csproj", "{A33A44ED-143E-4E77-9989-1BF91D20EDD3}"
EndProject
Project("{9A19103F-16F7-4668-BE54-9A1E7A4F7556}") = "MyApp.Wasm", "MyApp.Wasm\MyApp.Wasm.csproj", "{859DAB83-C7C8-4DF6-ACE6-D7B5491A6FC7}"
EndProject
Project("{9A19103F-16F7-4668-BE54-9A1E7A4F7556}") = "MyApp.Skia.Gtk", "MyApp.Skia.Gtk\MyApp.Skia.Gtk.csproj", "{28C15E23-A189-471B-8711-81F2B8ABC92E}"
EndProject
Project("{9A19103F-16F7-4668-BE54-9A1E7A4F7556}") = "MyApp.Server", "MyApp.Server\MyApp.Server.csproj", "{74735127-997C-420E-AFD5-9708CCC6D362}"
EndProject

Project("{2150E333-8FDC-42A3-9474-1A3956D46DE8}") = "Solution Items", "Solution Items", "{BADA71DC-7FFD-4EDC-9F28-FB74AEADC713}"
	ProjectSection(SolutionItems) = preProject
		Directory.Build.props = Directory.Build.props
		Directory.Build.targets = Directory.Build.targets
	EndProjectSection
EndProject
Global
	GlobalSection(SolutionConfigurationPlatforms) = preSolution
		Debug|Any CPU = Debug|Any CPU
		Debug|ARM = Debug|ARM
		Debug|ARM64 = Debug|ARM64
		Debug|iPhone = Debug|iPhone
		Debug|iPhoneSimulator = Debug|iPhoneSimulator
		Debug|x64 = Debug|x64
		Debug|x86 = Debug|x86
		Release|Any CPU = Release|Any CPU
		Release|ARM = Release|ARM
		Release|ARM64 = Release|ARM64
		Release|iPhone = Release|iPhone
		Release|iPhoneSimulator = Release|iPhoneSimulator
		Release|x64 = Release|x64
		Release|x86 = Release|x86
	EndGlobalSection
	GlobalSection(ProjectConfigurationPlatforms) = postSolution
		{A33A44ED-143E-4E77-9989-1BF91D20EDD3}.Debug|Any CPU.ActiveCfg = Debug|Any CPU
		{A33A44ED-143E-4E77-9989-1BF91D20EDD3}.Debug|Any CPU.Build.0 = Debug|Any CPU
		{A33A44ED-143E-4E77-9989-1BF91D20EDD3}.Debug|Any CPU.Deploy.0 = Debug|Any CPU
		{A33A44ED-143E-4E77-9989-1BF91D20EDD3}.Debug|ARM.ActiveCfg = Debug|Any CPU
		{A33A44ED-143E-4E77-9989-1BF91D20EDD3}.Debug|ARM.Build.0 = Debug|Any CPU
		{A33A44ED-143E-4E77-9989-1BF91D20EDD3}.Debug|ARM.Deploy.0 = Debug|Any CPU
		{A33A44ED-143E-4E77-9989-1BF91D20EDD3}.Debug|ARM64.ActiveCfg = Debug|Any CPU
		{A33A44ED-143E-4E77-9989-1BF91D20EDD3}.Debug|ARM64.Build.0 = Debug|Any CPU
		{A33A44ED-143E-4E77-9989-1BF91D20EDD3}.Debug|ARM64.Deploy.0 = Debug|Any CPU
		{A33A44ED-143E-4E77-9989-1BF91D20EDD3}.Debug|iPhone.ActiveCfg = Debug|Any CPU
		{A33A44ED-143E-4E77-9989-1BF91D20EDD3}.Debug|iPhone.Build.0 = Debug|Any CPU
		{A33A44ED-143E-4E77-9989-1BF91D20EDD3}.Debug|iPhone.Deploy.0 = Debug|Any CPU
		{A33A44ED-143E-4E77-9989-1BF91D20EDD3}.Debug|iPhoneSimulator.ActiveCfg = Debug|Any CPU
		{A33A44ED-143E-4E77-9989-1BF91D20EDD3}.Debug|iPhoneSimulator.Build.0 = Debug|Any CPU
		{A33A44ED-143E-4E77-9989-1BF91D20EDD3}.Debug|iPhoneSimulator.Deploy.0 = Debug|Any CPU
		{A33A44ED-143E-4E77-9989-1BF91D20EDD3}.Debug|x64.ActiveCfg = Debug|Any CPU
		{A33A44ED-143E-4E77-9989-1BF91D20EDD3}.Debug|x64.Build.0 = Debug|Any CPU
		{A33A44ED-143E-4E77-9989-1BF91D20EDD3}.Debug|x64.Deploy.0 = Debug|Any CPU
		{A33A44ED-143E-4E77-9989-1BF91D20EDD3}.Debug|x86.ActiveCfg = Debug|Any CPU
		{A33A44ED-143E-4E77-9989-1BF91D20EDD3}.Debug|x86.Build.0 = Debug|Any CPU
		{A33A44ED-143E-4E77-9989-1BF91D20EDD3}.Debug|x86.Deploy.0 = Debug|Any CPU
		{A33A44ED-143E-4E77-9989-1BF91D20EDD3}.Release|Any CPU.ActiveCfg = Release|Any CPU
		{A33A44ED-143E-4E77-9989-1BF91D20EDD3}.Release|Any CPU.Build.0 = Release|Any CPU
		{A33A44ED-143E-4E77-9989-1BF91D20EDD3}.Release|Any CPU.Deploy.0 = Release|Any CPU
		{A33A44ED-143E-4E77-9989-1BF91D20EDD3}.Release|ARM.ActiveCfg = Release|Any CPU
		{A33A44ED-143E-4E77-9989-1BF91D20EDD3}.Release|ARM.Build.0 = Release|Any CPU
		{A33A44ED-143E-4E77-9989-1BF91D20EDD3}.Release|ARM.Deploy.0 = Release|Any CPU
		{A33A44ED-143E-4E77-9989-1BF91D20EDD3}.Release|ARM64.ActiveCfg = Release|Any CPU
		{A33A44ED-143E-4E77-9989-1BF91D20EDD3}.Release|ARM64.Build.0 = Release|Any CPU
		{A33A44ED-143E-4E77-9989-1BF91D20EDD3}.Release|ARM64.Deploy.0 = Release|Any CPU
		{A33A44ED-143E-4E77-9989-1BF91D20EDD3}.Release|iPhone.ActiveCfg = Release|Any CPU
		{A33A44ED-143E-4E77-9989-1BF91D20EDD3}.Release|iPhone.Build.0 = Release|Any CPU
		{A33A44ED-143E-4E77-9989-1BF91D20EDD3}.Release|iPhone.Deploy.0 = Release|Any CPU
		{A33A44ED-143E-4E77-9989-1BF91D20EDD3}.Release|iPhoneSimulator.ActiveCfg = Release|Any CPU
		{A33A44ED-143E-4E77-9989-1BF91D20EDD3}.Release|iPhoneSimulator.Build.0 = Release|Any CPU
		{A33A44ED-143E-4E77-9989-1BF91D20EDD3}.Release|iPhoneSimulator.Deploy.0 = Release|Any CPU
		{A33A44ED-143E-4E77-9989-1BF91D20EDD3}.Release|x64.ActiveCfg = Release|Any CPU
		{A33A44ED-143E-4E77-9989-1BF91D20EDD3}.Release|x64.Build.0 = Release|Any CPU
		{A33A44ED-143E-4E77-9989-1BF91D20EDD3}.Release|x64.Deploy.0 = Release|Any CPU
		{A33A44ED-143E-4E77-9989-1BF91D20EDD3}.Release|x86.ActiveCfg = Release|Any CPU
		{A33A44ED-143E-4E77-9989-1BF91D20EDD3}.Release|x86.Build.0 = Release|Any CPU
		{A33A44ED-143E-4E77-9989-1BF91D20EDD3}.Release|x86.Deploy.0 = Release|Any CPU
		{859DAB83-C7C8-4DF6-ACE6-D7B5491A6FC7}.Debug|Any CPU.ActiveCfg = Debug|Any CPU
		{859DAB83-C7C8-4DF6-ACE6-D7B5491A6FC7}.Debug|Any CPU.Build.0 = Debug|Any CPU
		{859DAB83-C7C8-4DF6-ACE6-D7B5491A6FC7}.Debug|ARM.ActiveCfg = Debug|Any CPU
		{859DAB83-C7C8-4DF6-ACE6-D7B5491A6FC7}.Debug|ARM.Build.0 = Debug|Any CPU
		{859DAB83-C7C8-4DF6-ACE6-D7B5491A6FC7}.Debug|ARM64.ActiveCfg = Debug|Any CPU
		{859DAB83-C7C8-4DF6-ACE6-D7B5491A6FC7}.Debug|ARM64.Build.0 = Debug|Any CPU
		{859DAB83-C7C8-4DF6-ACE6-D7B5491A6FC7}.Debug|iPhone.ActiveCfg = Debug|Any CPU
		{859DAB83-C7C8-4DF6-ACE6-D7B5491A6FC7}.Debug|iPhone.Build.0 = Debug|Any CPU
		{859DAB83-C7C8-4DF6-ACE6-D7B5491A6FC7}.Debug|iPhoneSimulator.ActiveCfg = Debug|Any CPU
		{859DAB83-C7C8-4DF6-ACE6-D7B5491A6FC7}.Debug|iPhoneSimulator.Build.0 = Debug|Any CPU
		{859DAB83-C7C8-4DF6-ACE6-D7B5491A6FC7}.Debug|x64.ActiveCfg = Debug|Any CPU
		{859DAB83-C7C8-4DF6-ACE6-D7B5491A6FC7}.Debug|x64.Build.0 = Debug|Any CPU
		{859DAB83-C7C8-4DF6-ACE6-D7B5491A6FC7}.Debug|x86.ActiveCfg = Debug|Any CPU
		{859DAB83-C7C8-4DF6-ACE6-D7B5491A6FC7}.Debug|x86.Build.0 = Debug|Any CPU
		{859DAB83-C7C8-4DF6-ACE6-D7B5491A6FC7}.Release|Any CPU.ActiveCfg = Release|Any CPU
		{859DAB83-C7C8-4DF6-ACE6-D7B5491A6FC7}.Release|Any CPU.Build.0 = Release|Any CPU
		{859DAB83-C7C8-4DF6-ACE6-D7B5491A6FC7}.Release|ARM.ActiveCfg = Release|Any CPU
		{859DAB83-C7C8-4DF6-ACE6-D7B5491A6FC7}.Release|ARM.Build.0 = Release|Any CPU
		{859DAB83-C7C8-4DF6-ACE6-D7B5491A6FC7}.Release|ARM64.ActiveCfg = Release|Any CPU
		{859DAB83-C7C8-4DF6-ACE6-D7B5491A6FC7}.Release|ARM64.Build.0 = Release|Any CPU
		{859DAB83-C7C8-4DF6-ACE6-D7B5491A6FC7}.Release|iPhone.ActiveCfg = Release|Any CPU
		{859DAB83-C7C8-4DF6-ACE6-D7B5491A6FC7}.Release|iPhone.Build.0 = Release|Any CPU
		{859DAB83-C7C8-4DF6-ACE6-D7B5491A6FC7}.Release|iPhoneSimulator.ActiveCfg = Release|Any CPU
		{859DAB83-C7C8-4DF6-ACE6-D7B5491A6FC7}.Release|iPhoneSimulator.Build.0 = Release|Any CPU
		{859DAB83-C7C8-4DF6-ACE6-D7B5491A6FC7}.Release|x64.ActiveCfg = Release|Any CPU
		{859DAB83-C7C8-4DF6-ACE6-D7B5491A6FC7}.Release|x64.Build.0 = Release|Any CPU
		{859DAB83-C7C8-4DF6-ACE6-D7B5491A6FC7}.Release|x86.ActiveCfg = Release|Any CPU
		{859DAB83-C7C8-4DF6-ACE6-D7B5491A6FC7}.Release|x86.Build.0 = Release|Any CPU
		{28C15E23-A189-471B-8711-81F2B8ABC92E}.Debug|Any CPU.ActiveCfg = Debug|Any CPU
		{28C15E23-A189-471B-8711-81F2B8ABC92E}.Debug|Any CPU.Build.0 = Debug|Any CPU
		{28C15E23-A189-471B-8711-81F2B8ABC92E}.Debug|ARM.ActiveCfg = Debug|Any CPU
		{28C15E23-A189-471B-8711-81F2B8ABC92E}.Debug|ARM.Build.0 = Debug|Any CPU
		{28C15E23-A189-471B-8711-81F2B8ABC92E}.Debug|ARM64.ActiveCfg = Debug|Any CPU
		{28C15E23-A189-471B-8711-81F2B8ABC92E}.Debug|ARM64.Build.0 = Debug|Any CPU
		{28C15E23-A189-471B-8711-81F2B8ABC92E}.Debug|iPhone.ActiveCfg = Debug|Any CPU
		{28C15E23-A189-471B-8711-81F2B8ABC92E}.Debug|iPhone.Build.0 = Debug|Any CPU
		{28C15E23-A189-471B-8711-81F2B8ABC92E}.Debug|iPhoneSimulator.ActiveCfg = Debug|Any CPU
		{28C15E23-A189-471B-8711-81F2B8ABC92E}.Debug|iPhoneSimulator.Build.0 = Debug|Any CPU
		{28C15E23-A189-471B-8711-81F2B8ABC92E}.Debug|x64.ActiveCfg = Debug|Any CPU
		{28C15E23-A189-471B-8711-81F2B8ABC92E}.Debug|x64.Build.0 = Debug|Any CPU
		{28C15E23-A189-471B-8711-81F2B8ABC92E}.Debug|x86.ActiveCfg = Debug|Any CPU
		{28C15E23-A189-471B-8711-81F2B8ABC92E}.Debug|x86.Build.0 = Debug|Any CPU
		{28C15E23-A189-471B-8711-81F2B8ABC92E}.Release|Any CPU.ActiveCfg = Release|Any CPU
		{28C15E23-A189-471B-8711-81F2B8ABC92E}.Release|Any CPU.Build.0 = Release|Any CPU
		{28C15E23-A189-471B-8711-81F2B8ABC92E}.Release|ARM.ActiveCfg = Release|Any CPU
		{28C15E23-A189-471B-8711-81F2B8ABC92E}.Release|ARM.Build.0 = Release|Any CPU
		{28C15E23-A189-471B-8711-81F2B8ABC92E}.Release|ARM64.ActiveCfg = Release|Any CPU
		{28C15E23-A189-471B-8711-81F2B8ABC92E}.Release|ARM64.Build.0 = Release|Any CPU
		{28C15E23-A189-471B-8711-81F2B8ABC92E}.Release|iPhone.ActiveCfg = Release|Any CPU
		{28C15E23-A189-471B-8711-81F2B8ABC92E}.Release|iPhone.Build.0 = Release|Any CPU
		{28C15E23-A189-471B-8711-81F2B8ABC92E}.Release|iPhoneSimulator.ActiveCfg = Release|Any CPU
		{28C15E23-A189-471B-8711-81F2B8ABC92E}.Release|iPhoneSimulator.Build.0 = Release|Any CPU
		{28C15E23-A189-471B-8711-81F2B8ABC92E}.Release|x64.ActiveCfg = Release|Any CPU
		{28C15E23-A189-471B-8711-81F2B8ABC92E}.Release|x64.Build.0 = Release|Any CPU
		{28C15E23-A189-471B-8711-81F2B8ABC92E}.Release|x86.ActiveCfg = Release|Any CPU
		{28C15E23-A189-471B-8711-81F2B8ABC92E}.Release|x86.Build.0 = Release|Any CPU
		{74735127-997C-420E-AFD5-9708CCC6D362}.Debug|Any CPU.ActiveCfg = Debug|Any CPU
		{74735127-997C-420E-AFD5-9708CCC6D362}.Debug|Any CPU.Build.0 = Debug|Any CPU
		{74735127-997C-420E-AFD5-9708CCC6D362}.Debug|ARM.ActiveCfg = Debug|Any CPU
		{74735127-997C-420E-AFD5-9708CCC6D362}.Debug|ARM.Build.0 = Debug|Any CPU
		{74735127-997C-420E-AFD5-9708CCC6D362}.Debug|ARM64.ActiveCfg = Debug|Any CPU
		{74735127-997C-420E-AFD5-9708CCC6D362}.Debug|ARM64.Build.0 = Debug|Any CPU
		{74735127-997C-420E-AFD5-9708CCC6D362}.Debug|iPhone.ActiveCfg = Debug|Any CPU
		{74735127-997C-420E-AFD5-9708CCC6D362}.Debug|iPhone.Build.0 = Debug|Any CPU
		{74735127-997C-420E-AFD5-9708CCC6D362}.Debug|iPhoneSimulator.ActiveCfg = Debug|Any CPU
		{74735127-997C-420E-AFD5-9708CCC6D362}.Debug|iPhoneSimulator.Build.0 = Debug|Any CPU
		{74735127-997C-420E-AFD5-9708CCC6D362}.Debug|x64.ActiveCfg = Debug|Any CPU
		{74735127-997C-420E-AFD5-9708CCC6D362}.Debug|x64.Build.0 = Debug|Any CPU
		{74735127-997C-420E-AFD5-9708CCC6D362}.Debug|x86.ActiveCfg = Debug|Any CPU
		{74735127-997C-420E-AFD5-9708CCC6D362}.Debug|x86.Build.0 = Debug|Any CPU
		{74735127-997C-420E-AFD5-9708CCC6D362}.Release|Any CPU.ActiveCfg = Release|Any CPU
		{74735127-997C-420E-AFD5-9708CCC6D362}.Release|Any CPU.Build.0 = Release|Any CPU
		{74735127-997C-420E-AFD5-9708CCC6D362}.Release|ARM.ActiveCfg = Release|Any CPU
		{74735127-997C-420E-AFD5-9708CCC6D362}.Release|ARM.Build.0 = Release|Any CPU
		{74735127-997C-420E-AFD5-9708CCC6D362}.Release|ARM64.ActiveCfg = Release|Any CPU
		{74735127-997C-420E-AFD5-9708CCC6D362}.Release|ARM64.Build.0 = Release|Any CPU
		{74735127-997C-420E-AFD5-9708CCC6D362}.Release|iPhone.ActiveCfg = Release|Any CPU
		{74735127-997C-420E-AFD5-9708CCC6D362}.Release|iPhone.Build.0 = Release|Any CPU
		{74735127-997C-420E-AFD5-9708CCC6D362}.Release|iPhoneSimulator.ActiveCfg = Release|Any CPU
		{74735127-997C-420E-AFD5-9708CCC6D362}.Release|iPhoneSimulator.Build.0 = Release|Any CPU
		{74735127-997C-420E-AFD5-9708CCC6D362}.Release|x64.ActiveCfg = Release|Any CPU
		{74735127-997C-420E-AFD5-9708CCC6D362}.Release|x64.Build.0 = Release|Any CPU
		{74735127-997C-420E-AFD5-9708CCC6D362}.Release|x86.ActiveCfg = Release|Any CPU
		{74735127-997C-420E-AFD5-9708CCC6D362}.Release|x86.Build.0 = Release|Any CPU
		{53F96E1B-689A-4C25-BD91-EF1B9BCDCE74}.Debug|Any CPU.ActiveCfg = Debug|Any CPU
		{53F96E1B-689A-4C25-BD91-EF1B9BCDCE74}.Debug|Any CPU.Build.0 = Debug|Any CPU
		{53F96E1B-689A-4C25-BD91-EF1B9BCDCE74}.Debug|ARM.ActiveCfg = Debug|Any CPU
		{53F96E1B-689A-4C25-BD91-EF1B9BCDCE74}.Debug|ARM.Build.0 = Debug|Any CPU
		{53F96E1B-689A-4C25-BD91-EF1B9BCDCE74}.Debug|ARM64.ActiveCfg = Debug|Any CPU
		{53F96E1B-689A-4C25-BD91-EF1B9BCDCE74}.Debug|ARM64.Build.0 = Debug|Any CPU
		{53F96E1B-689A-4C25-BD91-EF1B9BCDCE74}.Debug|iPhone.ActiveCfg = Debug|Any CPU
		{53F96E1B-689A-4C25-BD91-EF1B9BCDCE74}.Debug|iPhone.Build.0 = Debug|Any CPU
		{53F96E1B-689A-4C25-BD91-EF1B9BCDCE74}.Debug|iPhoneSimulator.ActiveCfg = Debug|Any CPU
		{53F96E1B-689A-4C25-BD91-EF1B9BCDCE74}.Debug|iPhoneSimulator.Build.0 = Debug|Any CPU
		{53F96E1B-689A-4C25-BD91-EF1B9BCDCE74}.Debug|x64.ActiveCfg = Debug|Any CPU
		{53F96E1B-689A-4C25-BD91-EF1B9BCDCE74}.Debug|x64.Build.0 = Debug|Any CPU
		{53F96E1B-689A-4C25-BD91-EF1B9BCDCE74}.Debug|x86.ActiveCfg = Debug|Any CPU
		{53F96E1B-689A-4C25-BD91-EF1B9BCDCE74}.Debug|x86.Build.0 = Debug|Any CPU
		{53F96E1B-689A-4C25-BD91-EF1B9BCDCE74}.Release|Any CPU.ActiveCfg = Release|Any CPU
		{53F96E1B-689A-4C25-BD91-EF1B9BCDCE74}.Release|Any CPU.Build.0 = Release|Any CPU
		{53F96E1B-689A-4C25-BD91-EF1B9BCDCE74}.Release|ARM.ActiveCfg = Release|Any CPU
		{53F96E1B-689A-4C25-BD91-EF1B9BCDCE74}.Release|ARM.Build.0 = Release|Any CPU
		{53F96E1B-689A-4C25-BD91-EF1B9BCDCE74}.Release|ARM64.ActiveCfg = Release|Any CPU
		{53F96E1B-689A-4C25-BD91-EF1B9BCDCE74}.Release|ARM64.Build.0 = Release|Any CPU
		{53F96E1B-689A-4C25-BD91-EF1B9BCDCE74}.Release|iPhone.ActiveCfg = Release|Any CPU
		{53F96E1B-689A-4C25-BD91-EF1B9BCDCE74}.Release|iPhone.Build.0 = Release|Any CPU
		{53F96E1B-689A-4C25-BD91-EF1B9BCDCE74}.Release|iPhoneSimulator.ActiveCfg = Release|Any CPU
		{53F96E1B-689A-4C25-BD91-EF1B9BCDCE74}.Release|iPhoneSimulator.Build.0 = Release|Any CPU
		{53F96E1B-689A-4C25-BD91-EF1B9BCDCE74}.Release|x64.ActiveCfg = Release|Any CPU
		{53F96E1B-689A-4C25-BD91-EF1B9BCDCE74}.Release|x64.Build.0 = Release|Any CPU
		{53F96E1B-689A-4C25-BD91-EF1B9BCDCE74}.Release|x86.ActiveCfg = Release|Any CPU
		{53F96E1B-689A-4C25-BD91-EF1B9BCDCE74}.Release|x86.Build.0 = Release|Any CPU
	EndGlobalSection
	GlobalSection(SolutionProperties) = preSolution
		HideSolutionNode = FALSE
	EndGlobalSection
	GlobalSection(NestedProjects) = preSolution
		{53F96E1B-689A-4C25-BD91-EF1B9BCDCE74} = {41608794-18A1-4972-BD8E-2266A6C2A088}
		{DC73281A-6A2C-462F-B5FC-CEE5B81F2A8B} = {41608794-18A1-4972-BD8E-2266A6C2A088}
		{89E0AFDA-FCB3-4721-9545-FF11AA97D71E} = {41608794-18A1-4972-BD8E-2266A6C2A088}
		{A33A44ED-143E-4E77-9989-1BF91D20EDD3} = {DC73281A-6A2C-462F-B5FC-CEE5B81F2A8B}
		{859DAB83-C7C8-4DF6-ACE6-D7B5491A6FC7} = {DC73281A-6A2C-462F-B5FC-CEE5B81F2A8B}
		{28C15E23-A189-471B-8711-81F2B8ABC92E} = {DC73281A-6A2C-462F-B5FC-CEE5B81F2A8B}
		{74735127-997C-420E-AFD5-9708CCC6D362} = {89E0AFDA-FCB3-4721-9545-FF11AA97D71E}
	EndGlobalSection
	GlobalSection(ExtensibilityGlobals) = postSolution
		SolutionGuid = {AF862691-6917-40F6-B6E0-AF4F99220CEE}
	EndGlobalSection
EndGlobal
